# This file was autogenerated by uv via the following command:
#    uv pip compile requirements.txt --output-file requirements.lock
asgiref==3.11.1
    # via
    #   -r requirements.txt
    #   django
django==6.0.6
    # via
    #   -r requirements.txt
    #   djangorestframework
djangorestframework==3.17.1
    # via -r requirements.txt
iniconfig==2.3.0
    # via
    #   -r requirements.txt
    #   pytest
packaging==26.2
    # via
    #   -r requirements.txt
    #   pytest
pluggy==1.6.0
    # via
    #   -r requirements.txt
    #   pytest
psycopg2-binary==2.9.12
    # via -r requirements.txt
pygments==2.20.0
    # via
    #   -r requirements.txt
    #   pytest
pytest==9.1.0
    # via
    #   -r requirements.txt
    #   pytest-django
pytest-django==4.12.0
    # via -r requirements.txt
ruff==0.15.17
    # via -r requirements.txt
sqlparse==0.5.5
    # via
    #   -r requirements.txt
    #   django
